
Microsoft Visual Studio Solution File, Format Version 12.00
# Visual Studio Version 16
VisualStudioVersion = 16.0.30011.22
MinimumVisualStudioVersion = 10.0.40219.1
Project("{FAE04EC0-301F-11D3-BF4B-00C04F79EFBC}") = "Lab10MovieList", "Lab10MovieList\Lab10MovieList.csproj", "{B0206324-F56D-411C-80B9-A32695EF2B5E}"
EndProject
Global
	GlobalSection(SolutionConfigurationPlatforms) = preSolution
		Debug|Any CPU = Debug|Any CPU
		Release|Any CPU = Release|Any CPU
	EndGlobalSection
	GlobalSection(ProjectConfigurationPlatforms) = postSolution
		{B0206324-F56D-411C-80B9-A32695EF2B5E}.Debug|Any CPU.ActiveCfg = Debug|Any CPU
		{B0206324-F56D-411C-80B9-A32695EF2B5E}.Debug|Any CPU.Build.0 = Debug|Any CPU
		{B0206324-F56D-411C-80B9-A32695EF2B5E}.Release|Any CPU.ActiveCfg = Release|Any CPU
		{B0206324-F56D-411C-80B9-A32695EF2B5E}.Release|Any CPU.Build.0 = Release|Any CPU
	EndGlobalSection
	GlobalSection(SolutionProperties) = preSolution
		HideSolutionNode = FALSE
	EndGlobalSection
	GlobalSection(ExtensibilityGlobals) = postSolution
		SolutionGuid = {DC4C64E5-7FF8-4F84-BAE3-8C13CC937739}
	EndGlobalSection
EndGlobal
